{
	"name": "ericdress",
	"version": "1.0.0",
	"lockfileVersion": 2,
	"requires": true,
	"packages": {
		"": {
			"name": "ericdress",
			"version": "1.0.0",
			"devDependencies": {
				"@types/node": "^16.11.12",
				"commander": "^8.3.0"
			},
			"engines": {
				"node": ">=14.0.0",
				"npm": ">7.0.0"
			}
		},
		"node_modules/@types/node": {
			"version": "16.11.12",
			"resolved": "https://registry.npmjs.org/@types/node/-/node-16.11.12.tgz",
			"integrity": "sha512-+2Iggwg7PxoO5Kyhvsq9VarmPbIelXP070HMImEpbtGCoyWNINQj4wzjbQCXzdHTRXnqufutJb5KAURZANNBAw==",
			"dev": true
		},
		"node_modules/commander": {
			"version": "8.3.0",
			"resolved": "https://registry.npmjs.org/commander/-/commander-8.3.0.tgz",
			"integrity": "sha512-OkTL9umf+He2DZkUq8f8J9of7yL6RJKI24dVITBmNfZBmri9zYZQrKkuXiKhyfPSu8tUhnVBB1iKXevvnlR4Ww==",
			"dev": true,
			"engines": {
				"node": ">= 12"
			}
		}
	},
	"dependencies": {
		"@types/node": {
			"version": "16.11.12",
			"resolved": "https://registry.npmjs.org/@types/node/-/node-16.11.12.tgz",
			"integrity": "sha512-+2Iggwg7PxoO5Kyhvsq9VarmPbIelXP070HMImEpbtGCoyWNINQj4wzjbQCXzdHTRXnqufutJb5KAURZANNBAw==",
			"dev": true
		},
		"commander": {
			"version": "8.3.0",
			"resolved": "https://registry.npmjs.org/commander/-/commander-8.3.0.tgz",
			"integrity": "sha512-OkTL9umf+He2DZkUq8f8J9of7yL6RJKI24dVITBmNfZBmri9zYZQrKkuXiKhyfPSu8tUhnVBB1iKXevvnlR4Ww==",
			"dev": true
		}
	}
}
